
Microsoft Visual Studio Solution File, Format Version 12.00
# Visual Studio Version 17
VisualStudioVersion = 17.5.33516.290
MinimumVisualStudioVersion = 10.0.40219.1
Project("{FAE04EC0-301F-11D3-BF4B-00C04F79EFBC}") = "Socks5_Server", "Socket5_Server\Socks5_Server.csproj", "{84AA6DFA-A1E3-4AB0-A68C-E6A822A4D6CA}"
EndProject
Project("{FAE04EC0-301F-11D3-BF4B-00C04F79EFBC}") = "Socks5Common", "Socks5Common\Socks5Common.csproj", "{35B59CA7-BADE-468A-9582-C06920E65A6D}"
EndProject
Global
	GlobalSection(SolutionConfigurationPlatforms) = preSolution
		Debug|Any CPU = Debug|Any CPU
		Release|Any CPU = Release|Any CPU
	EndGlobalSection
	GlobalSection(ProjectConfigurationPlatforms) = postSolution
		{84AA6DFA-A1E3-4AB0-A68C-E6A822A4D6CA}.Debug|Any CPU.ActiveCfg = Debug|Any CPU
		{84AA6DFA-A1E3-4AB0-A68C-E6A822A4D6CA}.Debug|Any CPU.Build.0 = Debug|Any CPU
		{84AA6DFA-A1E3-4AB0-A68C-E6A822A4D6CA}.Release|Any CPU.ActiveCfg = Release|Any CPU
		{84AA6DFA-A1E3-4AB0-A68C-E6A822A4D6CA}.Release|Any CPU.Build.0 = Release|Any CPU
		{35B59CA7-BADE-468A-9582-C06920E65A6D}.Debug|Any CPU.ActiveCfg = Debug|Any CPU
		{35B59CA7-BADE-468A-9582-C06920E65A6D}.Debug|Any CPU.Build.0 = Debug|Any CPU
		{35B59CA7-BADE-468A-9582-C06920E65A6D}.Release|Any CPU.ActiveCfg = Release|Any CPU
		{35B59CA7-BADE-468A-9582-C06920E65A6D}.Release|Any CPU.Build.0 = Release|Any CPU
	EndGlobalSection
	GlobalSection(SolutionProperties) = preSolution
		HideSolutionNode = FALSE
	EndGlobalSection
	GlobalSection(ExtensibilityGlobals) = postSolution
		SolutionGuid = {18657AAF-1920-4E72-8215-59C8DA7EC8C9}
	EndGlobalSection
EndGlobal
